<?xml version="1.0" encoding="utf-8"?>
<Project ToolsVersion="4.0" xmlns="http://schemas.microsoft.com/developer/msbuild/2003">
  <ItemGroup>
    <Filter Include="Quelldateien">
      <UniqueIdentifier>{4FC737F1-C7A5-4376-A066-2A32D752A2FF}</UniqueIdentifier>
      <Extensions>cpp;c;cc;cxx;c++;cppm;ixx;def;odl;idl;hpj;bat;asm;asmx</Extensions>
    </Filter>
    <Filter Include="Headerdateien">
      <UniqueIdentifier>{93995380-89BD-4b04-88EB-625FBE52EBFB}</UniqueIdentifier>
      <Extensions>h;hh;hpp;hxx;h++;hm;inl;inc;ipp;xsd</Extensions>
    </Filter>
    <Filter Include="Ressourcendateien">
      <UniqueIdentifier>{67DA6AB6-F800-4c08-8B7A-83BB121AAD01}</UniqueIdentifier>
      <Extensions>rc;ico;cur;bmp;dlg;rc2;rct;bin;rgs;gif;jpg;jpeg;jpe;resx;tiff;tif;png;wav;mfcribbon-ms</Extensions>
    </Filter>
    <Filter Include="Headerdateien\world">
      <UniqueIdentifier>{f9e7cc99-5332-4f62-912a-1ac667951645}</UniqueIdentifier>
    </Filter>
    <Filter Include="Headerdateien\character">
      <UniqueIdentifier>{59b36d95-2f3c-442d-8ad7-0382de274c31}</UniqueIdentifier>
    </Filter>
    <Filter Include="Quelldateien\character">
      <UniqueIdentifier>{097c9347-ee68-4dac-8386-823dc192ecf1}</UniqueIdentifier>
    </Filter>
    <Filter Include="Quelldateien\world">
      <UniqueIdentifier>{fd6430f2-5a8e-4505-b484-7a89625512d9}</UniqueIdentifier>
    </Filter>
    <Filter Include="Headerdateien\util">
      <UniqueIdentifier>{fd2051aa-72d8-4117-9d70-10a8a4876345}</UniqueIdentifier>
    </Filter>
    <Filter Include="Headerdateien\token">
      <UniqueIdentifier>{e3bbbe33-d9b1-4a4d-9352-6471809d3fbb}</UniqueIdentifier>
    </Filter>
    <Filter Include="Quelldateien\token">
      <UniqueIdentifier>{25a100e5-f32a-4841-8d0d-c1d99d8c6233}</UniqueIdentifier>
    </Filter>
    <Filter Include="Headerdateien\items">
      <UniqueIdentifier>{068dd013-2ebd-4676-aff2-e0f5960d5083}</UniqueIdentifier>
    </Filter>
    <Filter Include="Headerdateien\items\weapon">
      <UniqueIdentifier>{c857b1e5-98cc-4322-9038-d4b27ec11378}</UniqueIdentifier>
    </Filter>
    <Filter Include="Headerdateien\items\collectibles">
      <UniqueIdentifier>{d669f125-2c2f-41f0-b59e-56309d8e87a9}</UniqueIdentifier>
    </Filter>
    <Filter Include="Quelldateien\items">
      <UniqueIdentifier>{c99df953-74e1-4325-86fe-f71b5e80ee19}</UniqueIdentifier>
    </Filter>
    <Filter Include="Quelldateien\items\weapon">
      <UniqueIdentifier>{9028d67d-c45e-4118-bca5-81759cb2b43d}</UniqueIdentifier>
    </Filter>
    <Filter Include="Quelldateien\items\collectibles">
      <UniqueIdentifier>{b2f30dc2-31c2-4ead-b832-08bf8182210c}</UniqueIdentifier>
    </Filter>
    <Filter Include="Headerdateien\story">
      <UniqueIdentifier>{4962caca-9b31-4195-8164-8925f45937c1}</UniqueIdentifier>
    </Filter>
    <Filter Include="Quelldateien\story">
      <UniqueIdentifier>{e89a89a2-c3a4-4c10-8c23-fa26a894dda6}</UniqueIdentifier>
    </Filter>
    <Filter Include="Headerdateien\items\storage">
      <UniqueIdentifier>{1bc14484-8b97-44c7-9e61-cafb357c21db}</UniqueIdentifier>
    </Filter>
  </ItemGroup>
  <ItemGroup>
    <ClCompile Include="main.cpp">
      <Filter>Quelldateien</Filter>
    </ClCompile>
    <ClCompile Include="world.cpp">
      <Filter>Quelldateien\world</Filter>
    </ClCompile>
    <ClCompile Include="tokenizer.cpp">
      <Filter>Quelldateien\token</Filter>
    </ClCompile>
    <ClCompile Include="util.cpp">
      <Filter>Headerdateien\util</Filter>
    </ClCompile>
    <ClCompile Include="entity.cpp">
      <Filter>Quelldateien</Filter>
    </ClCompile>
    <ClCompile Include="connector.cpp">
      <Filter>Quelldateien\world</Filter>
    </ClCompile>
    <ClCompile Include="weapon.cpp">
      <Filter>Quelldateien\items\weapon</Filter>
    </ClCompile>
    <ClCompile Include="character.cpp">
      <Filter>Quelldateien\character</Filter>
    </ClCompile>
    <ClCompile Include="room.cpp">
      <Filter>Quelldateien\world</Filter>
    </ClCompile>
    <ClCompile Include="collectible.cpp">
      <Filter>Quelldateien\items\collectibles</Filter>
    </ClCompile>
    <ClCompile Include="key.cpp">
      <Filter>Quelldateien\items\collectibles</Filter>
    </ClCompile>
    <ClCompile Include="shield.cpp">
      <Filter>Quelldateien\items\weapon</Filter>
    </ClCompile>
    <ClCompile Include="stick.cpp">
      <Filter>Quelldateien\items\weapon</Filter>
    </ClCompile>
    <ClCompile Include="sword.cpp">
      <Filter>Quelldateien\items\weapon</Filter>
    </ClCompile>
    <ClCompile Include="medaillon.cpp">
      <Filter>Quelldateien\items\collectibles</Filter>
    </ClCompile>
    <ClCompile Include="letterFragment.cpp">
      <Filter>Quelldateien\items\collectibles</Filter>
    </ClCompile>
    <ClCompile Include="breakingRod.cpp">
      <Filter>Quelldateien\items\weapon</Filter>
    </ClCompile>
    <ClCompile Include="npc.cpp">
      <Filter>Quelldateien\character</Filter>
    </ClCompile>
    <ClCompile Include="player.cpp">
      <Filter>Quelldateien\character</Filter>
    </ClCompile>
    <ClCompile Include="item.cpp">
      <Filter>Quelldateien\items</Filter>
    </ClCompile>
    <ClCompile Include="storyline.cpp">
      <Filter>Quelldateien\story</Filter>
    </ClCompile>
  </ItemGroup>
  <ItemGroup>
    <ClInclude Include="entity.h">
      <Filter>Headerdateien</Filter>
    </ClInclude>
    <ClInclude Include="character.h">
      <Filter>Headerdateien\character</Filter>
    </ClInclude>
    <ClInclude Include="player.h">
      <Filter>Headerdateien\character</Filter>
    </ClInclude>
    <ClInclude Include="room.h">
      <Filter>Headerdateien\world</Filter>
    </ClInclude>
    <ClInclude Include="world.h">
      <Filter>Headerdateien\world</Filter>
    </ClInclude>
    <ClInclude Include="npc.h">
      <Filter>Headerdateien\character</Filter>
    </ClInclude>
    <ClInclude Include="tokenizer.h">
      <Filter>Headerdateien\token</Filter>
    </ClInclude>
    <ClInclude Include="util.h">
      <Filter>Headerdateien\util</Filter>
    </ClInclude>
    <ClInclude Include="connector.h">
      <Filter>Headerdateien\world</Filter>
    </ClInclude>
    <ClInclude Include="item.h">
      <Filter>Headerdateien\items</Filter>
    </ClInclude>
    <ClInclude Include="breakingRod.h">
      <Filter>Headerdateien\items\weapon</Filter>
    </ClInclude>
    <ClInclude Include="sword.h">
      <Filter>Headerdateien\items\weapon</Filter>
    </ClInclude>
    <ClInclude Include="shield.h">
      <Filter>Headerdateien\items\weapon</Filter>
    </ClInclude>
    <ClInclude Include="collectible.h">
      <Filter>Headerdateien\items\collectibles</Filter>
    </ClInclude>
    <ClInclude Include="letterFragment.h">
      <Filter>Headerdateien\items\collectibles</Filter>
    </ClInclude>
    <ClInclude Include="medaillon.h">
      <Filter>Headerdateien\items\collectibles</Filter>
    </ClInclude>
    <ClInclude Include="stick.h">
      <Filter>Headerdateien\items\weapon</Filter>
    </ClInclude>
    <ClInclude Include="key.h">
      <Filter>Headerdateien\items\collectibles</Filter>
    </ClInclude>
    <ClInclude Include="weapon.h">
      <Filter>Headerdateien\items\weapon</Filter>
    </ClInclude>
    <ClInclude Include="storyline.h">
      <Filter>Headerdateien\story</Filter>
    </ClInclude>
    <ClInclude Include="chest.h">
      <Filter>Headerdateien\items\storage</Filter>
    </ClInclude>
    <ClInclude Include="storage.h">
      <Filter>Headerdateien\items\storage</Filter>
    </ClInclude>
  </ItemGroup>
</Project>